// !$*UTF8*$!
{
	archiveVersion = 1;
	classes = {
	};
	objectVersion = 46;
	objects = {

/* Begin PBXBuildFile section */
		29E3DBF819C2C1A80070523F /* AppDelegate.swift in Sources */ = {isa = PBXBuildFile; fileRef = 29E3DBF719C2C1A80070523F /* AppDelegate.swift */; };
		29E3DBFA19C2C1A80070523F /* ViewController.swift in Sources */ = {isa = PBXBuildFile; fileRef = 29E3DBF919C2C1A80070523F /* ViewController.swift */; };
		29E3DBFD19C2C1A80070523F /* Main.storyboard in Resources */ = {isa = PBXBuildFile; fileRef = 29E3DBFB19C2C1A80070523F /* Main.storyboard */; };
		29E3DBFF19C2C1A80070523F /* Images.xcassets in Resources */ = {isa = PBXBuildFile; fileRef = 29E3DBFE19C2C1A80070523F /* Images.xcassets */; };
		29E3DC0219C2C1A80070523F /* LaunchScreen.xib in Resources */ = {isa = PBXBuildFile; fileRef = 29E3DC0019C2C1A80070523F /* LaunchScreen.xib */; };
		29E3DC0E19C2C1A80070523F /* PostcardTests.swift in Sources */ = {isa = PBXBuildFile; fileRef = 29E3DC0D19C2C1A80070523F /* PostcardTests.swift */; };
		29E3DC1819C2C2720070523F /* SagradaFamilia.jpeg in Resources */ = {isa = PBXBuildFile; fileRef = 29E3DC1719C2C2720070523F /* SagradaFamilia.jpeg */; };
		29E3DC1A19C2C8840070523F /* AlbertEinsteinStamp.jpg in Resources */ = {isa = PBXBuildFile; fileRef = 29E3DC1919C2C8840070523F /* AlbertEinsteinStamp.jpg */; };
/* End PBXBuildFile section */

/* Begin PBXContainerItemProxy section */
		29E3DC0819C2C1A80070523F /* PBXContainerItemProxy */ = {
			isa = PBXContainerItemProxy;
			containerPortal = 29E3DBEA19C2C1A80070523F /* Project object */;
			proxyType = 1;
			remoteGlobalIDString = 29E3DBF119C2C1A80070523F;
			remoteInfo = Postcard;
		};
/* End PBXContainerItemProxy section */

/* Begin PBXFileReference section */
		29E3DBF219C2C1A80070523F /* Postcard.app */ = {isa = PBXFileReference; explicitFileType = wrapper.application; includeInIndex = 0; path = Postcard.app; sourceTree = BUILT_PRODUCTS_DIR; };
		29E3DBF619C2C1A80070523F /* Info.plist */ = {isa = PBXFileReference; lastKnownFileType = text.plist.xml; path = Info.plist; sourceTree = "<group>"; };
		29E3DBF719C2C1A80070523F /* AppDelegate.swift */ = {isa = PBXFileReference; lastKnownFileType = sourcecode.swift; path = AppDelegate.swift; sourceTree = "<group>"; };
		29E3DBF919C2C1A80070523F /* ViewController.swift */ = {isa = PBXFileReference; lastKnownFileType = sourcecode.swift; path = ViewController.swift; sourceTree = "<group>"; };
		29E3DBFC19C2C1A80070523F /* Base */ = {isa = PBXFileReference; lastKnownFileType = file.storyboard; name = Base; path = Base.lproj/Main.storyboard; sourceTree = "<group>"; };
		29E3DBFE19C2C1A80070523F /* Images.xcassets */ = {isa = PBXFileReference; lastKnownFileType = folder.assetcatalog; path = Images.xcassets; sourceTree = "<group>"; };
		29E3DC0119C2C1A80070523F /* Base */ = {isa = PBXFileReference; lastKnownFileType = file.xib; name = Base; path = Base.lproj/LaunchScreen.xib; sourceTree = "<group>"; };
		29E3DC0719C2C1A80070523F /* PostcardTests.xctest */ = {isa = PBXFileReference; explicitFileType = wrapper.cfbundle; includeInIndex = 0; path = PostcardTests.xctest; sourceTree = BUILT_PRODUCTS_DIR; };
		29E3DC0C19C2C1A80070523F /* Info.plist */ = {isa = PBXFileReference; lastKnownFileType = text.plist.xml; path = Info.plist; sourceTree = "<group>"; };
		29E3DC0D19C2C1A80070523F /* PostcardTests.swift */ = {isa = PBXFileReference; lastKnownFileType = sourcecode.swift; path = PostcardTests.swift; sourceTree = "<group>"; };
		29E3DC1719C2C2720070523F /* SagradaFamilia.jpeg */ = {isa = PBXFileReference; lastKnownFileType = image.jpeg; path = SagradaFamilia.jpeg; sourceTree = "<group>"; };
		29E3DC1919C2C8840070523F /* AlbertEinsteinStamp.jpg */ = {isa = PBXFileReference; lastKnownFileType = image.jpeg; path = AlbertEinsteinStamp.jpg; sourceTree = "<group>"; };
/* End PBXFileReference section */

/* Begin PBXFrameworksBuildPhase section */
		29E3DBEF19C2C1A80070523F /* Frameworks */ = {
			isa = PBXFrameworksBuildPhase;
			buildActionMask = 2147483647;
			files = (
			);
			runOnlyForDeploymentPostprocessing = 0;
		};
		29E3DC0419C2C1A80070523F /* Frameworks */ = {
			isa = PBXFrameworksBuildPhase;
			buildActionMask = 2147483647;
			files = (
			);
			runOnlyForDeploymentPostprocessing = 0;
		};
/* End PBXFrameworksBuildPhase section */

/* Begin PBXGroup section */
		29E3DBE919C2C1A80070523F = {
			isa = PBXGroup;
			children = (
				29E3DBF419C2C1A80070523F /* Postcard */,
				29E3DC0A19C2C1A80070523F /* PostcardTests */,
				29E3DBF319C2C1A80070523F /* Products */,
			);
			sourceTree = "<group>";
		};
		29E3DBF319C2C1A80070523F /* Products */ = {
			isa = PBXGroup;
			children = (
				29E3DBF219C2C1A80070523F /* Postcard.app */,
				29E3DC0719C2C1A80070523F /* PostcardTests.xctest */,
			);
			name = Products;
			sourceTree = "<group>";
		};
		29E3DBF419C2C1A80070523F /* Postcard */ = {
			isa = PBXGroup;
			children = (
				29E3DBF719C2C1A80070523F /* AppDelegate.swift */,
				29E3DBF919C2C1A80070523F /* ViewController.swift */,
				29E3DBFB19C2C1A80070523F /* Main.storyboard */,
				29E3DBFE19C2C1A80070523F /* Images.xcassets */,
				29E3DC0019C2C1A80070523F /* LaunchScreen.xib */,
				29E3DBF519C2C1A80070523F /* Supporting Files */,
			);
			path = Postcard;
			sourceTree = "<group>";
		};
		29E3DBF519C2C1A80070523F /* Supporting Files */ = {
			isa = PBXGroup;
			children = (
				29E3DC1919C2C8840070523F /* AlbertEinsteinStamp.jpg */,
				29E3DC1719C2C2720070523F /* SagradaFamilia.jpeg */,
				29E3DBF619C2C1A80070523F /* Info.plist */,
			);
			name = "Supporting Files";
			sourceTree = "<group>";
		};
		29E3DC0A19C2C1A80070523F /* PostcardTests */ = {
			isa = PBXGroup;
			children = (
				29E3DC0D19C2C1A80070523F /* PostcardTests.swift */,
				29E3DC0B19C2C1A80070523F /* Supporting Files */,
			);
			path = PostcardTests;
			sourceTree = "<group>";
		};
		29E3DC0B19C2C1A80070523F /* Supporting Files */ = {
			isa = PBXGroup;
			children = (
				29E3DC0C19C2C1A80070523F /* Info.plist */,
			);
			name = "Supporting Files";
			sourceTree = "<group>";
		};
/* End PBXGroup section */

/* Begin PBXNativeTarget section */
		29E3DBF119C2C1A80070523F /* Postcard */ = {
			isa = PBXNativeTarget;
			buildConfigurationList = 29E3DC1119C2C1A80070523F /* Build configuration list for PBXNativeTarget "Postcard" */;
			buildPhases = (
				29E3DBEE19C2C1A80070523F /* Sources */,
				29E3DBEF19C2C1A80070523F /* Frameworks */,
				29E3DBF019C2C1A80070523F /* Resources */,
			);
			buildRules = (
			);
			dependencies = (
			);
			name = Postcard;
			productName = Postcard;
			productReference = 29E3DBF219C2C1A80070523F /* Postcard.app */;
			productType = "com.apple.product-type.application";
		};
		29E3DC0619C2C1A80070523F /* PostcardTests */ = {
			isa = PBXNativeTarget;
			buildConfigurationList = 29E3DC1419C2C1A80070523F /* Build configuration list for PBXNativeTarget "PostcardTests" */;
			buildPhases = (
				29E3DC0319C2C1A80070523F /* Sources */,
				29E3DC0419C2C1A80070523F /* Frameworks */,
				29E3DC0519C2C1A80070523F /* Resources */,
			);
			buildRules = (
			);
			dependencies = (
				29E3DC0919C2C1A80070523F /* PBXTargetDependency */,
			);
			name = PostcardTests;
			productName = PostcardTests;
			productReference = 29E3DC0719C2C1A80070523F /* PostcardTests.xctest */;
			productType = "com.apple.product-type.bundle.unit-test";
		};
/* End PBXNativeTarget section */

/* Begin PBXProject section */
		29E3DBEA19C2C1A80070523F /* Project object */ = {
			isa = PBXProject;
			attributes = {
				LastUpgradeCheck = 0600;
				ORGANIZATIONNAME = Selvz;
				TargetAttributes = {
					29E3DBF119C2C1A80070523F = {
						CreatedOnToolsVersion = 6.0;
						DevelopmentTeam = KDZ4A7Q2JN;
					};
					29E3DC0619C2C1A80070523F = {
						CreatedOnToolsVersion = 6.0;
						TestTargetID = 29E3DBF119C2C1A80070523F;
					};
				};
			};
			buildConfigurationList = 29E3DBED19C2C1A80070523F /* Build configuration list for PBXProject "Postcard" */;
			compatibilityVersion = "Xcode 3.2";
			developmentRegion = English;
			hasScannedForEncodings = 0;
			knownRegions = (
				en,
				Base,
			);
			mainGroup = 29E3DBE919C2C1A80070523F;
			productRefGroup = 29E3DBF319C2C1A80070523F /* Products */;
			projectDirPath = "";
			projectRoot = "";
			targets = (
				29E3DBF119C2C1A80070523F /* Postcard */,
				29E3DC0619C2C1A80070523F /* PostcardTests */,
			);
		};
/* End PBXProject section */

/* Begin PBXResourcesBuildPhase section */
		29E3DBF019C2C1A80070523F /* Resources */ = {
			isa = PBXResourcesBuildPhase;
			buildActionMask = 2147483647;
			files = (
				29E3DBFD19C2C1A80070523F /* Main.storyboard in Resources */,
				29E3DC1819C2C2720070523F /* SagradaFamilia.jpeg in Resources */,
				29E3DC1A19C2C8840070523F /* AlbertEinsteinStamp.jpg in Resources */,
				29E3DC0219C2C1A80070523F /* LaunchScreen.xib in Resources */,
				29E3DBFF19C2C1A80070523F /* Images.xcassets in Resources */,
			);
			runOnlyForDeploymentPostprocessing = 0;
		};
		29E3DC0519C2C1A80070523F /* Resources */ = {
			isa = PBXResourcesBuildPhase;
			buildActionMask = 2147483647;
			files = (
			);
			runOnlyForDeploymentPostprocessing = 0;
		};
/* End PBXResourcesBuildPhase section */

/* Begin PBXSourcesBuildPhase section */
		29E3DBEE19C2C1A80070523F /* Sources */ = {
			isa = PBXSourcesBuildPhase;
			buildActionMask = 2147483647;
			files = (
				29E3DBFA19C2C1A80070523F /* ViewController.swift in Sources */,
				29E3DBF819C2C1A80070523F /* AppDelegate.swift in Sources */,
			);
			runOnlyForDeploymentPostprocessing = 0;
		};
		29E3DC0319C2C1A80070523F /* Sources */ = {
			isa = PBXSourcesBuildPhase;
			buildActionMask = 2147483647;
			files = (
				29E3DC0E19C2C1A80070523F /* PostcardTests.swift in Sources */,
			);
			runOnlyForDeploymentPostprocessing = 0;
		};
/* End PBXSourcesBuildPhase section */

/* Begin PBXTargetDependency section */
		29E3DC0919C2C1A80070523F /* PBXTargetDependency */ = {
			isa = PBXTargetDependency;
			target = 29E3DBF119C2C1A80070523F /* Postcard */;
			targetProxy = 29E3DC0819C2C1A80070523F /* PBXContainerItemProxy */;
		};
/* End PBXTargetDependency section */

/* Begin PBXVariantGroup section */
		29E3DBFB19C2C1A80070523F /* Main.storyboard */ = {
			isa = PBXVariantGroup;
			children = (
				29E3DBFC19C2C1A80070523F /* Base */,
			);
			name = Main.storyboard;
			sourceTree = "<group>";
		};
		29E3DC0019C2C1A80070523F /* LaunchScreen.xib */ = {
			isa = PBXVariantGroup;
			children = (
				29E3DC0119C2C1A80070523F /* Base */,
			);
			name = LaunchScreen.xib;
			sourceTree = "<group>";
		};
/* End PBXVariantGroup section */

/* Begin XCBuildConfiguration section */
		29E3DC0F19C2C1A80070523F /* Debug */ = {
			isa = XCBuildConfiguration;
			buildSettings = {
				ALWAYS_SEARCH_USER_PATHS = NO;
				CLANG_CXX_LANGUAGE_STANDARD = "gnu++0x";
				CLANG_CXX_LIBRARY = "libc++";
				CLANG_ENABLE_MODULES = YES;
				CLANG_ENABLE_OBJC_ARC = YES;
				CLANG_WARN_BOOL_CONVERSION = YES;
				CLANG_WARN_CONSTANT_CONVERSION = YES;
				CLANG_WARN_DIRECT_OBJC_ISA_USAGE = YES_ERROR;
				CLANG_WARN_EMPTY_BODY = YES;
				CLANG_WARN_ENUM_CONVERSION = YES;
				CLANG_WARN_INT_CONVERSION = YES;
				CLANG_WARN_OBJC_ROOT_CLASS = YES_ERROR;
				CLANG_WARN_UNREACHABLE_CODE = YES;
				CLANG_WARN__DUPLICATE_METHOD_MATCH = YES;
				"CODE_SIGN_IDENTITY[sdk=iphoneos*]" = "iPhone Developer";
				COPY_PHASE_STRIP = NO;
				ENABLE_STRICT_OBJC_MSGSEND = YES;
				GCC_C_LANGUAGE_STANDARD = gnu99;
				GCC_DYNAMIC_NO_PIC = NO;
				GCC_OPTIMIZATION_LEVEL = 0;
				GCC_PREPROCESSOR_DEFINITIONS = (
					"DEBUG=1",
					"$(inherited)",
				);
				GCC_SYMBOLS_PRIVATE_EXTERN = NO;
				GCC_WARN_64_TO_32_BIT_CONVERSION = YES;
				GCC_WARN_ABOUT_RETURN_TYPE = YES_ERROR;
				GCC_WARN_UNDECLARED_SELECTOR = YES;
				GCC_WARN_UNINITIALIZED_AUTOS = YES_AGGRESSIVE;
				GCC_WARN_UNUSED_FUNCTION = YES;
				GCC_WARN_UNUSED_VARIABLE = YES;
				IPHONEOS_DEPLOYMENT_TARGET = 8.0;
				MTL_ENABLE_DEBUG_INFO = YES;
				ONLY_ACTIVE_ARCH = YES;
				SDKROOT = iphoneos;
				SWIFT_OPTIMIZATION_LEVEL = "-Onone";
			};
			name = Debug;
		};
		29E3DC1019C2C1A80070523F /* Release */ = {
			isa = XCBuildConfiguration;
			buildSettings = {
				ALWAYS_SEARCH_USER_PATHS = NO;
				CLANG_CXX_LANGUAGE_STANDARD = "gnu++0x";
				CLANG_CXX_LIBRARY = "libc++";
				CLANG_ENABLE_MODULES = YES;
				CLANG_ENABLE_OBJC_ARC = YES;
				CLANG_WARN_BOOL_CONVERSION = YES;
				CLANG_WARN_CONSTANT_CONVERSION = YES;
				CLANG_WARN_DIRECT_OBJC_ISA_USAGE = YES_ERROR;
				CLANG_WARN_EMPTY_BODY = YES;
				CLANG_WARN_ENUM_CONVERSION = YES;
				CLANG_WARN_INT_CONVERSION = YES;
				CLANG_WARN_OBJC_ROOT_CLASS = YES_ERROR;
				CLANG_WARN_UNREACHABLE_CODE = YES;
				CLANG_WARN__DUPLICATE_METHOD_MATCH = YES;
				"CODE_SIGN_IDENTITY[sdk=iphoneos*]" = "iPhone Developer";
				COPY_PHASE_STRIP = YES;
				ENABLE_NS_ASSERTIONS = NO;
				ENABLE_STRICT_OBJC_MSGSEND = YES;
				GCC_C_LANGUAGE_STANDARD = gnu99;
				GCC_WARN_64_TO_32_BIT_CONVERSION = YES;
				GCC_WARN_ABOUT_RETURN_TYPE = YES_ERROR;
				GCC_WARN_UNDECLARED_SELECTOR = YES;
				GCC_WARN_UNINITIALIZED_AUTOS = YES_AGGRESSIVE;
				GCC_WARN_UNUSED_FUNCTION = YES;
				GCC_WARN_UNUSED_VARIABLE = YES;
				IPHONEOS_DEPLOYMENT_TARGET = 8.0;
				MTL_ENABLE_DEBUG_INFO = NO;
				SDKROOT = iphoneos;
				VALIDATE_PRODUCT = YES;
			};
			name = Release;
		};
		29E3DC1219C2C1A80070523F /* Debug */ = {
			isa = XCBuildConfiguration;
			buildSettings = {
				ASSETCATALOG_COMPILER_APPICON_NAME = AppIcon;
				CODE_SIGN_IDENTITY = "iPhone Developer";
				INFOPLIST_FILE = Postcard/Info.plist;
				LD_RUNPATH_SEARCH_PATHS = "$(inherited) @executable_path/Frameworks";
				PRODUCT_NAME = "$(TARGET_NAME)";
			};
			name = Debug;
		};
		29E3DC1319C2C1A80070523F /* Release */ = {
			isa = XCBuildConfiguration;
			buildSettings = {
				ASSETCATALOG_COMPILER_APPICON_NAME = AppIcon;
				CODE_SIGN_IDENTITY = "iPhone Developer";
				INFOPLIST_FILE = Postcard/Info.plist;
				LD_RUNPATH_SEARCH_PATHS = "$(inherited) @executable_path/Frameworks";
				PRODUCT_NAME = "$(TARGET_NAME)";
			};
			name = Release;
		};
		29E3DC1519C2C1A80070523F /* Debug */ = {
			isa = XCBuildConfiguration;
			buildSettings = {
				BUNDLE_LOADER = "$(TEST_HOST)";
				FRAMEWORK_SEARCH_PATHS = (
					"$(SDKROOT)/Developer/Library/Frameworks",
					"$(inherited)",
				);
				GCC_PREPROCESSOR_DEFINITIONS = (
					"DEBUG=1",
					"$(inherited)",
				);
				INFOPLIST_FILE = PostcardTests/Info.plist;
				LD_RUNPATH_SEARCH_PATHS = "$(inherited) @executable_path/Frameworks @loader_path/Frameworks";
				PRODUCT_NAME = "$(TARGET_NAME)";
				TEST_HOST = "$(BUILT_PRODUCTS_DIR)/Postcard.app/Postcard";
			};
			name = Debug;
		};
		29E3DC1619C2C1A80070523F /* Release */ = {
			isa = XCBuildConfiguration;
			buildSettings = {
				BUNDLE_LOADER = "$(TEST_HOST)";
				FRAMEWORK_SEARCH_PATHS = (
					"$(SDKROOT)/Developer/Library/Frameworks",
					"$(inherited)",
				);
				INFOPLIST_FILE = PostcardTests/Info.plist;
				LD_RUNPATH_SEARCH_PATHS = "$(inherited) @executable_path/Frameworks @loader_path/Frameworks";
				PRODUCT_NAME = "$(TARGET_NAME)";
				TEST_HOST = "$(BUILT_PRODUCTS_DIR)/Postcard.app/Postcard";
			};
			name = Release;
		};
/* End XCBuildConfiguration section */

/* Begin XCConfigurationList section */
		29E3DBED19C2C1A80070523F /* Build configuration list for PBXProject "Postcard" */ = {
			isa = XCConfigurationList;
			buildConfigurations = (
				29E3DC0F19C2C1A80070523F /* Debug */,
				29E3DC1019C2C1A80070523F /* Release */,
			);
			defaultConfigurationIsVisible = 0;
			defaultConfigurationName = Release;
		};
		29E3DC1119C2C1A80070523F /* Build configuration list for PBXNativeTarget "Postcard" */ = {
			isa = XCConfigurationList;
			buildConfigurations = (
				29E3DC1219C2C1A80070523F /* Debug */,
				29E3DC1319C2C1A80070523F /* Release */,
			);
			defaultConfigurationIsVisible = 0;
		};
		29E3DC1419C2C1A80070523F /* Build configuration list for PBXNativeTarget "PostcardTests" */ = {
			isa = XCConfigurationList;
			buildConfigurations = (
				29E3DC1519C2C1A80070523F /* Debug */,
				29E3DC1619C2C1A80070523F /* Release */,
			);
			defaultConfigurationIsVisible = 0;
		};
/* End XCConfigurationList section */
	};
	rootObject = 29E3DBEA19C2C1A80070523F /* Project object */;
}
